
Microsoft Visual Studio Solution File, Format Version 11.00
# Visual Studio 2010
Project("{FAE04EC0-301F-11D3-BF4B-00C04F79EFBC}") = "KnockOut", "KnockOut\KnockOut.csproj", "{EAD7599D-88C0-4F65-878A-BB40E24B796E}"
	ProjectSection(ProjectDependencies) = postProject
		{92FCBF02-7440-4B3E-B10E-A58D6CC615D6} = {92FCBF02-7440-4B3E-B10E-A58D6CC615D6}
		{24BAD7C8-DE95-4A69-9B62-62FF2F251691} = {24BAD7C8-DE95-4A69-9B62-62FF2F251691}
	EndProjectSection
EndProject
Project("{2150E333-8FDC-42A3-9474-1A3956D46DE8}") = "Utility", "Utility", "{DB48034E-E218-45E5-B72A-B9610D3E0117}"
EndProject
Project("{2150E333-8FDC-42A3-9474-1A3956D46DE8}") = "ATT", "ATT", "{103ED9D7-5EAB-4345-A30E-2D9A22E41BF0}"
EndProject
Project("{2150E333-8FDC-42A3-9474-1A3956D46DE8}") = "BLL", "BLL", "{C0BEDA6C-6737-4982-9D6E-3AC7E93E0558}"
EndProject
Project("{2150E333-8FDC-42A3-9474-1A3956D46DE8}") = "DLL", "DLL", "{8A0F1A7D-ACBA-4DED-B7C3-57A98B56F917}"
EndProject
Project("{FAE04EC0-301F-11D3-BF4B-00C04F79EFBC}") = "Member.ATT", "Member.ATT\Member.ATT.csproj", "{D90E4A8B-ADE1-4D7B-B348-4DA035B13496}"
EndProject
Project("{FAE04EC0-301F-11D3-BF4B-00C04F79EFBC}") = "Member.BLL", "Member.BLL\Member.BLL.csproj", "{24BAD7C8-DE95-4A69-9B62-62FF2F251691}"
EndProject
Project("{FAE04EC0-301F-11D3-BF4B-00C04F79EFBC}") = "Member.DLL", "Member.DLL\Member.DLL.csproj", "{92FCBF02-7440-4B3E-B10E-A58D6CC615D6}"
EndProject
Project("{FAE04EC0-301F-11D3-BF4B-00C04F79EFBC}") = "Utility", "Utility\Utility.csproj", "{298D6117-4FA9-4515-A220-D404AE6E3CB9}"
EndProject
Global
	GlobalSection(SolutionConfigurationPlatforms) = preSolution
		Debug|Any CPU = Debug|Any CPU
		Release|Any CPU = Release|Any CPU
	EndGlobalSection
	GlobalSection(ProjectConfigurationPlatforms) = postSolution
		{EAD7599D-88C0-4F65-878A-BB40E24B796E}.Debug|Any CPU.ActiveCfg = Debug|Any CPU
		{EAD7599D-88C0-4F65-878A-BB40E24B796E}.Debug|Any CPU.Build.0 = Debug|Any CPU
		{EAD7599D-88C0-4F65-878A-BB40E24B796E}.Release|Any CPU.ActiveCfg = Release|Any CPU
		{EAD7599D-88C0-4F65-878A-BB40E24B796E}.Release|Any CPU.Build.0 = Release|Any CPU
		{D90E4A8B-ADE1-4D7B-B348-4DA035B13496}.Debug|Any CPU.ActiveCfg = Debug|Any CPU
		{D90E4A8B-ADE1-4D7B-B348-4DA035B13496}.Debug|Any CPU.Build.0 = Debug|Any CPU
		{D90E4A8B-ADE1-4D7B-B348-4DA035B13496}.Release|Any CPU.ActiveCfg = Release|Any CPU
		{D90E4A8B-ADE1-4D7B-B348-4DA035B13496}.Release|Any CPU.Build.0 = Release|Any CPU
		{24BAD7C8-DE95-4A69-9B62-62FF2F251691}.Debug|Any CPU.ActiveCfg = Debug|Any CPU
		{24BAD7C8-DE95-4A69-9B62-62FF2F251691}.Debug|Any CPU.Build.0 = Debug|Any CPU
		{24BAD7C8-DE95-4A69-9B62-62FF2F251691}.Release|Any CPU.ActiveCfg = Release|Any CPU
		{24BAD7C8-DE95-4A69-9B62-62FF2F251691}.Release|Any CPU.Build.0 = Release|Any CPU
		{92FCBF02-7440-4B3E-B10E-A58D6CC615D6}.Debug|Any CPU.ActiveCfg = Debug|Any CPU
		{92FCBF02-7440-4B3E-B10E-A58D6CC615D6}.Debug|Any CPU.Build.0 = Debug|Any CPU
		{92FCBF02-7440-4B3E-B10E-A58D6CC615D6}.Release|Any CPU.ActiveCfg = Release|Any CPU
		{92FCBF02-7440-4B3E-B10E-A58D6CC615D6}.Release|Any CPU.Build.0 = Release|Any CPU
		{298D6117-4FA9-4515-A220-D404AE6E3CB9}.Debug|Any CPU.ActiveCfg = Debug|Any CPU
		{298D6117-4FA9-4515-A220-D404AE6E3CB9}.Debug|Any CPU.Build.0 = Debug|Any CPU
		{298D6117-4FA9-4515-A220-D404AE6E3CB9}.Release|Any CPU.ActiveCfg = Release|Any CPU
		{298D6117-4FA9-4515-A220-D404AE6E3CB9}.Release|Any CPU.Build.0 = Release|Any CPU
	EndGlobalSection
	GlobalSection(SolutionProperties) = preSolution
		HideSolutionNode = FALSE
	EndGlobalSection
	GlobalSection(NestedProjects) = preSolution
		{298D6117-4FA9-4515-A220-D404AE6E3CB9} = {DB48034E-E218-45E5-B72A-B9610D3E0117}
		{D90E4A8B-ADE1-4D7B-B348-4DA035B13496} = {103ED9D7-5EAB-4345-A30E-2D9A22E41BF0}
		{24BAD7C8-DE95-4A69-9B62-62FF2F251691} = {C0BEDA6C-6737-4982-9D6E-3AC7E93E0558}
		{92FCBF02-7440-4B3E-B10E-A58D6CC615D6} = {8A0F1A7D-ACBA-4DED-B7C3-57A98B56F917}
	EndGlobalSection
EndGlobal
